
Microsoft Visual Studio Solution File, Format Version 12.00
# Visual Studio Version 16
VisualStudioVersion = 16.0.31205.134
MinimumVisualStudioVersion = 10.0.40219.1
Project("{FAE04EC0-301F-11D3-BF4B-00C04F79EFBC}") = "TasarımEkranıKontrolleri", "TasarımEkranıKontrolleri\TasarımEkranıKontrolleri.csproj", "{67CDF88D-6CC1-4D0E-A9BE-A9D40BE9855D}"
EndProject
Global
	GlobalSection(SolutionConfigurationPlatforms) = preSolution
		Debug|Any CPU = Debug|Any CPU
		Release|Any CPU = Release|Any CPU
	EndGlobalSection
	GlobalSection(ProjectConfigurationPlatforms) = postSolution
		{67CDF88D-6CC1-4D0E-A9BE-A9D40BE9855D}.Debug|Any CPU.ActiveCfg = Debug|Any CPU
		{67CDF88D-6CC1-4D0E-A9BE-A9D40BE9855D}.Debug|Any CPU.Build.0 = Debug|Any CPU
		{67CDF88D-6CC1-4D0E-A9BE-A9D40BE9855D}.Release|Any CPU.ActiveCfg = Release|Any CPU
		{67CDF88D-6CC1-4D0E-A9BE-A9D40BE9855D}.Release|Any CPU.Build.0 = Release|Any CPU
	EndGlobalSection
	GlobalSection(SolutionProperties) = preSolution
		HideSolutionNode = FALSE
	EndGlobalSection
	GlobalSection(ExtensibilityGlobals) = postSolution
		SolutionGuid = {A63007BB-DE78-4A9E-8D9E-1375284969D6}
	EndGlobalSection
EndGlobal
