
Microsoft Visual Studio Solution File, Format Version 12.00
# Visual Studio Version 16
VisualStudioVersion = 16.0.32510.428
MinimumVisualStudioVersion = 10.0.40219.1
Project("{FAE04EC0-301F-11D3-BF4B-00C04F79EFBC}") = "ETicaret.MvcWebUI", "ETicaret.MvcWebUI\ETicaret.MvcWebUI.csproj", "{FDA0B993-C967-4A12-BFFC-126AE1AFDD99}"
EndProject
Project("{FAE04EC0-301F-11D3-BF4B-00C04F79EFBC}") = "ETicaret.DataAccess", "ETicaret.DataAccess\ETicaret.DataAccess.csproj", "{E9424DD3-1B79-45A2-ACF4-9552E18E20C6}"
EndProject
Project("{FAE04EC0-301F-11D3-BF4B-00C04F79EFBC}") = "ETicaret.Business", "ETicaret.Business\ETicaret.Business.csproj", "{A3D769F0-3022-4AD6-9D2E-ACBC5ECA0FE8}"
EndProject
Project("{FAE04EC0-301F-11D3-BF4B-00C04F79EFBC}") = "ETicaret.Model", "ETicaret.Model\ETicaret.Model.csproj", "{D0F2D4B5-FF22-48E3-8576-4FCC49CAB798}"
EndProject
Project("{FAE04EC0-301F-11D3-BF4B-00C04F79EFBC}") = "Infrastructure", "Infrastructure\Infrastructure.csproj", "{4FB7CA65-58F4-44DE-B198-1A116826712E}"
EndProject
Global
	GlobalSection(SolutionConfigurationPlatforms) = preSolution
		Debug|Any CPU = Debug|Any CPU
		Release|Any CPU = Release|Any CPU
	EndGlobalSection
	GlobalSection(ProjectConfigurationPlatforms) = postSolution
		{FDA0B993-C967-4A12-BFFC-126AE1AFDD99}.Debug|Any CPU.ActiveCfg = Debug|Any CPU
		{FDA0B993-C967-4A12-BFFC-126AE1AFDD99}.Debug|Any CPU.Build.0 = Debug|Any CPU
		{FDA0B993-C967-4A12-BFFC-126AE1AFDD99}.Release|Any CPU.ActiveCfg = Release|Any CPU
		{FDA0B993-C967-4A12-BFFC-126AE1AFDD99}.Release|Any CPU.Build.0 = Release|Any CPU
		{E9424DD3-1B79-45A2-ACF4-9552E18E20C6}.Debug|Any CPU.ActiveCfg = Debug|Any CPU
		{E9424DD3-1B79-45A2-ACF4-9552E18E20C6}.Debug|Any CPU.Build.0 = Debug|Any CPU
		{E9424DD3-1B79-45A2-ACF4-9552E18E20C6}.Release|Any CPU.ActiveCfg = Release|Any CPU
		{E9424DD3-1B79-45A2-ACF4-9552E18E20C6}.Release|Any CPU.Build.0 = Release|Any CPU
		{A3D769F0-3022-4AD6-9D2E-ACBC5ECA0FE8}.Debug|Any CPU.ActiveCfg = Debug|Any CPU
		{A3D769F0-3022-4AD6-9D2E-ACBC5ECA0FE8}.Debug|Any CPU.Build.0 = Debug|Any CPU
		{A3D769F0-3022-4AD6-9D2E-ACBC5ECA0FE8}.Release|Any CPU.ActiveCfg = Release|Any CPU
		{A3D769F0-3022-4AD6-9D2E-ACBC5ECA0FE8}.Release|Any CPU.Build.0 = Release|Any CPU
		{D0F2D4B5-FF22-48E3-8576-4FCC49CAB798}.Debug|Any CPU.ActiveCfg = Debug|Any CPU
		{D0F2D4B5-FF22-48E3-8576-4FCC49CAB798}.Debug|Any CPU.Build.0 = Debug|Any CPU
		{D0F2D4B5-FF22-48E3-8576-4FCC49CAB798}.Release|Any CPU.ActiveCfg = Release|Any CPU
		{D0F2D4B5-FF22-48E3-8576-4FCC49CAB798}.Release|Any CPU.Build.0 = Release|Any CPU
		{4FB7CA65-58F4-44DE-B198-1A116826712E}.Debug|Any CPU.ActiveCfg = Debug|Any CPU
		{4FB7CA65-58F4-44DE-B198-1A116826712E}.Debug|Any CPU.Build.0 = Debug|Any CPU
		{4FB7CA65-58F4-44DE-B198-1A116826712E}.Release|Any CPU.ActiveCfg = Release|Any CPU
		{4FB7CA65-58F4-44DE-B198-1A116826712E}.Release|Any CPU.Build.0 = Release|Any CPU
	EndGlobalSection
	GlobalSection(SolutionProperties) = preSolution
		HideSolutionNode = FALSE
	EndGlobalSection
	GlobalSection(ExtensibilityGlobals) = postSolution
		SolutionGuid = {D669E17E-8F2A-4A61-A077-C45D5E188AF6}
	EndGlobalSection
EndGlobal
