
Microsoft Visual Studio Solution File, Format Version 12.00
# Visual Studio Version 16
VisualStudioVersion = 16.0.31205.134
MinimumVisualStudioVersion = 10.0.40219.1
Project("{FAE04EC0-301F-11D3-BF4B-00C04F79EFBC}") = "Ornek_oyun_denemesi", "Ornek_oyun_denemesi\Ornek_oyun_denemesi.csproj", "{A72F7A9E-58A5-47AC-BD22-6C73975C8CDA}"
EndProject
Global
	GlobalSection(SolutionConfigurationPlatforms) = preSolution
		Debug|Any CPU = Debug|Any CPU
		Release|Any CPU = Release|Any CPU
	EndGlobalSection
	GlobalSection(ProjectConfigurationPlatforms) = postSolution
		{A72F7A9E-58A5-47AC-BD22-6C73975C8CDA}.Debug|Any CPU.ActiveCfg = Debug|Any CPU
		{A72F7A9E-58A5-47AC-BD22-6C73975C8CDA}.Debug|Any CPU.Build.0 = Debug|Any CPU
		{A72F7A9E-58A5-47AC-BD22-6C73975C8CDA}.Release|Any CPU.ActiveCfg = Release|Any CPU
		{A72F7A9E-58A5-47AC-BD22-6C73975C8CDA}.Release|Any CPU.Build.0 = Release|Any CPU
	EndGlobalSection
	GlobalSection(SolutionProperties) = preSolution
		HideSolutionNode = FALSE
	EndGlobalSection
	GlobalSection(ExtensibilityGlobals) = postSolution
		SolutionGuid = {FF497774-9CCB-46F0-A592-F3F9DB88A8AA}
	EndGlobalSection
EndGlobal
