
Microsoft Visual Studio Solution File, Format Version 12.00
# Visual Studio Version 16
VisualStudioVersion = 16.0.31205.134
MinimumVisualStudioVersion = 10.0.40219.1
Project("{FAE04EC0-301F-11D3-BF4B-00C04F79EFBC}") = "PersonelUygulama", "PersonelUygulama\PersonelUygulama.csproj", "{61992F82-0ADB-44BB-A85E-03BB9C7EC667}"
EndProject
Project("{FAE04EC0-301F-11D3-BF4B-00C04F79EFBC}") = "PersonelLib", "PersonelLib\PersonelLib.csproj", "{77B71AE5-81FD-4DA8-BFD2-10A5CEAA2AC3}"
EndProject
Global
	GlobalSection(SolutionConfigurationPlatforms) = preSolution
		Debug|Any CPU = Debug|Any CPU
		Release|Any CPU = Release|Any CPU
	EndGlobalSection
	GlobalSection(ProjectConfigurationPlatforms) = postSolution
		{61992F82-0ADB-44BB-A85E-03BB9C7EC667}.Debug|Any CPU.ActiveCfg = Debug|Any CPU
		{61992F82-0ADB-44BB-A85E-03BB9C7EC667}.Debug|Any CPU.Build.0 = Debug|Any CPU
		{61992F82-0ADB-44BB-A85E-03BB9C7EC667}.Release|Any CPU.ActiveCfg = Release|Any CPU
		{61992F82-0ADB-44BB-A85E-03BB9C7EC667}.Release|Any CPU.Build.0 = Release|Any CPU
		{77B71AE5-81FD-4DA8-BFD2-10A5CEAA2AC3}.Debug|Any CPU.ActiveCfg = Debug|Any CPU
		{77B71AE5-81FD-4DA8-BFD2-10A5CEAA2AC3}.Debug|Any CPU.Build.0 = Debug|Any CPU
		{77B71AE5-81FD-4DA8-BFD2-10A5CEAA2AC3}.Release|Any CPU.ActiveCfg = Release|Any CPU
		{77B71AE5-81FD-4DA8-BFD2-10A5CEAA2AC3}.Release|Any CPU.Build.0 = Release|Any CPU
	EndGlobalSection
	GlobalSection(SolutionProperties) = preSolution
		HideSolutionNode = FALSE
	EndGlobalSection
	GlobalSection(ExtensibilityGlobals) = postSolution
		SolutionGuid = {0B75E5C0-E278-45E8-A830-3059CE6B51F8}
	EndGlobalSection
EndGlobal
