
Microsoft Visual Studio Solution File, Format Version 12.00
# Visual Studio Version 16
VisualStudioVersion = 16.0.31205.134
MinimumVisualStudioVersion = 10.0.40219.1
Project("{FAE04EC0-301F-11D3-BF4B-00C04F79EFBC}") = "HavaDurumu", "HavaDurumu\HavaDurumu.csproj", "{8CA30751-49B2-4216-BF51-E38623CFE7CD}"
EndProject
Global
	GlobalSection(SolutionConfigurationPlatforms) = preSolution
		Debug|Any CPU = Debug|Any CPU
		Release|Any CPU = Release|Any CPU
	EndGlobalSection
	GlobalSection(ProjectConfigurationPlatforms) = postSolution
		{8CA30751-49B2-4216-BF51-E38623CFE7CD}.Debug|Any CPU.ActiveCfg = Debug|Any CPU
		{8CA30751-49B2-4216-BF51-E38623CFE7CD}.Debug|Any CPU.Build.0 = Debug|Any CPU
		{8CA30751-49B2-4216-BF51-E38623CFE7CD}.Release|Any CPU.ActiveCfg = Release|Any CPU
		{8CA30751-49B2-4216-BF51-E38623CFE7CD}.Release|Any CPU.Build.0 = Release|Any CPU
	EndGlobalSection
	GlobalSection(SolutionProperties) = preSolution
		HideSolutionNode = FALSE
	EndGlobalSection
	GlobalSection(ExtensibilityGlobals) = postSolution
		SolutionGuid = {D7A21763-6034-4568-A058-F319303316BD}
	EndGlobalSection
EndGlobal
