
Microsoft Visual Studio Solution File, Format Version 12.00
# Visual Studio Version 16
VisualStudioVersion = 16.0.31205.134
MinimumVisualStudioVersion = 10.0.40219.1
Project("{FAE04EC0-301F-11D3-BF4B-00C04F79EFBC}") = "WpfXaml", "WpfXaml\WpfXaml.csproj", "{2A2A1788-38A5-436C-84C3-57B51114A104}"
EndProject
Global
	GlobalSection(SolutionConfigurationPlatforms) = preSolution
		Debug|Any CPU = Debug|Any CPU
		Release|Any CPU = Release|Any CPU
	EndGlobalSection
	GlobalSection(ProjectConfigurationPlatforms) = postSolution
		{2A2A1788-38A5-436C-84C3-57B51114A104}.Debug|Any CPU.ActiveCfg = Debug|Any CPU
		{2A2A1788-38A5-436C-84C3-57B51114A104}.Debug|Any CPU.Build.0 = Debug|Any CPU
		{2A2A1788-38A5-436C-84C3-57B51114A104}.Release|Any CPU.ActiveCfg = Release|Any CPU
		{2A2A1788-38A5-436C-84C3-57B51114A104}.Release|Any CPU.Build.0 = Release|Any CPU
	EndGlobalSection
	GlobalSection(SolutionProperties) = preSolution
		HideSolutionNode = FALSE
	EndGlobalSection
	GlobalSection(ExtensibilityGlobals) = postSolution
		SolutionGuid = {3170EAEF-661E-41E7-BB25-6E07CCA17149}
	EndGlobalSection
EndGlobal
