
Microsoft Visual Studio Solution File, Format Version 12.00
# Visual Studio Version 16
VisualStudioVersion = 16.0.30804.86
MinimumVisualStudioVersion = 10.0.40219.1
Project("{FAE04EC0-301F-11D3-BF4B-00C04F79EFBC}") = "IlkUygulama", "IlkUygulama.csproj", "{7A45E182-6722-461C-B571-1D2EA6393606}"
EndProject
Global
	GlobalSection(SolutionConfigurationPlatforms) = preSolution
		Debug|Any CPU = Debug|Any CPU
		Release|Any CPU = Release|Any CPU
	EndGlobalSection
	GlobalSection(ProjectConfigurationPlatforms) = postSolution
		{7A45E182-6722-461C-B571-1D2EA6393606}.Debug|Any CPU.ActiveCfg = Debug|Any CPU
		{7A45E182-6722-461C-B571-1D2EA6393606}.Debug|Any CPU.Build.0 = Debug|Any CPU
		{7A45E182-6722-461C-B571-1D2EA6393606}.Release|Any CPU.ActiveCfg = Release|Any CPU
		{7A45E182-6722-461C-B571-1D2EA6393606}.Release|Any CPU.Build.0 = Release|Any CPU
	EndGlobalSection
	GlobalSection(SolutionProperties) = preSolution
		HideSolutionNode = FALSE
	EndGlobalSection
	GlobalSection(ExtensibilityGlobals) = postSolution
		SolutionGuid = {DF835A9C-D9B9-489D-8BF0-3B3F25B2BCE6}
	EndGlobalSection
EndGlobal
