
Microsoft Visual Studio Solution File, Format Version 12.00
# Blend for Visual Studio Version 16
VisualStudioVersion = 16.0.31205.134
MinimumVisualStudioVersion = 10.0.40219.1
Project("{FAE04EC0-301F-11D3-BF4B-00C04F79EFBC}") = "Video", "Video\Video.csproj", "{0531258D-8137-4B89-A61F-82C9F00F512E}"
EndProject
Global
	GlobalSection(SolutionConfigurationPlatforms) = preSolution
		Debug|Any CPU = Debug|Any CPU
		Release|Any CPU = Release|Any CPU
	EndGlobalSection
	GlobalSection(ProjectConfigurationPlatforms) = postSolution
		{0531258D-8137-4B89-A61F-82C9F00F512E}.Debug|Any CPU.ActiveCfg = Debug|Any CPU
		{0531258D-8137-4B89-A61F-82C9F00F512E}.Debug|Any CPU.Build.0 = Debug|Any CPU
		{0531258D-8137-4B89-A61F-82C9F00F512E}.Release|Any CPU.ActiveCfg = Release|Any CPU
		{0531258D-8137-4B89-A61F-82C9F00F512E}.Release|Any CPU.Build.0 = Release|Any CPU
	EndGlobalSection
	GlobalSection(SolutionProperties) = preSolution
		HideSolutionNode = FALSE
	EndGlobalSection
	GlobalSection(ExtensibilityGlobals) = postSolution
		SolutionGuid = {924A4096-FF04-40A6-8929-3A39ADC0DDEC}
	EndGlobalSection
EndGlobal
