
Microsoft Visual Studio Solution File, Format Version 12.00
# Visual Studio Version 16
VisualStudioVersion = 16.0.31205.134
MinimumVisualStudioVersion = 10.0.40219.1
Project("{FAE04EC0-301F-11D3-BF4B-00C04F79EFBC}") = "WinFormTemelKavramlar", "WinFormTemelKavramlar\WinFormTemelKavramlar.csproj", "{8E9990CB-88DA-4520-A009-CB876D83C420}"
EndProject
Global
	GlobalSection(SolutionConfigurationPlatforms) = preSolution
		Debug|Any CPU = Debug|Any CPU
		Release|Any CPU = Release|Any CPU
	EndGlobalSection
	GlobalSection(ProjectConfigurationPlatforms) = postSolution
		{8E9990CB-88DA-4520-A009-CB876D83C420}.Debug|Any CPU.ActiveCfg = Debug|Any CPU
		{8E9990CB-88DA-4520-A009-CB876D83C420}.Debug|Any CPU.Build.0 = Debug|Any CPU
		{8E9990CB-88DA-4520-A009-CB876D83C420}.Release|Any CPU.ActiveCfg = Release|Any CPU
		{8E9990CB-88DA-4520-A009-CB876D83C420}.Release|Any CPU.Build.0 = Release|Any CPU
	EndGlobalSection
	GlobalSection(SolutionProperties) = preSolution
		HideSolutionNode = FALSE
	EndGlobalSection
	GlobalSection(ExtensibilityGlobals) = postSolution
		SolutionGuid = {1BD93EF9-9CB1-4406-AB11-7949CCE26946}
	EndGlobalSection
EndGlobal
