
Microsoft Visual Studio Solution File, Format Version 12.00
# Visual Studio Version 16
VisualStudioVersion = 16.0.31205.134
MinimumVisualStudioVersion = 10.0.40219.1
Project("{FAE04EC0-301F-11D3-BF4B-00C04F79EFBC}") = "KodTarfindaWpfKontroller", "KodTarfindaWpfKontroller\KodTarfindaWpfKontroller.csproj", "{ED17F518-2597-48F0-9E63-84B5630B343A}"
EndProject
Global
	GlobalSection(SolutionConfigurationPlatforms) = preSolution
		Debug|Any CPU = Debug|Any CPU
		Release|Any CPU = Release|Any CPU
	EndGlobalSection
	GlobalSection(ProjectConfigurationPlatforms) = postSolution
		{ED17F518-2597-48F0-9E63-84B5630B343A}.Debug|Any CPU.ActiveCfg = Debug|Any CPU
		{ED17F518-2597-48F0-9E63-84B5630B343A}.Debug|Any CPU.Build.0 = Debug|Any CPU
		{ED17F518-2597-48F0-9E63-84B5630B343A}.Release|Any CPU.ActiveCfg = Release|Any CPU
		{ED17F518-2597-48F0-9E63-84B5630B343A}.Release|Any CPU.Build.0 = Release|Any CPU
	EndGlobalSection
	GlobalSection(SolutionProperties) = preSolution
		HideSolutionNode = FALSE
	EndGlobalSection
	GlobalSection(ExtensibilityGlobals) = postSolution
		SolutionGuid = {C0CC64B5-660B-4BB2-ADD7-7B3660B5ECB0}
	EndGlobalSection
EndGlobal
