
Microsoft Visual Studio Solution File, Format Version 12.00
# Blend for Visual Studio Version 16
VisualStudioVersion = 16.0.31205.134
MinimumVisualStudioVersion = 10.0.40219.1
Project("{FAE04EC0-301F-11D3-BF4B-00C04F79EFBC}") = "WpfBlendUygulamsı", "WpfBlendUygulamsı\WpfBlendUygulamsı.csproj", "{108E85F8-39D0-419F-B897-15ACEA5A9EC1}"
EndProject
Global
	GlobalSection(SolutionConfigurationPlatforms) = preSolution
		Debug|Any CPU = Debug|Any CPU
		Release|Any CPU = Release|Any CPU
	EndGlobalSection
	GlobalSection(ProjectConfigurationPlatforms) = postSolution
		{108E85F8-39D0-419F-B897-15ACEA5A9EC1}.Debug|Any CPU.ActiveCfg = Debug|Any CPU
		{108E85F8-39D0-419F-B897-15ACEA5A9EC1}.Debug|Any CPU.Build.0 = Debug|Any CPU
		{108E85F8-39D0-419F-B897-15ACEA5A9EC1}.Release|Any CPU.ActiveCfg = Release|Any CPU
		{108E85F8-39D0-419F-B897-15ACEA5A9EC1}.Release|Any CPU.Build.0 = Release|Any CPU
	EndGlobalSection
	GlobalSection(SolutionProperties) = preSolution
		HideSolutionNode = FALSE
	EndGlobalSection
	GlobalSection(ExtensibilityGlobals) = postSolution
		SolutionGuid = {06158614-4816-4A55-865A-D4A8A5AA641F}
	EndGlobalSection
EndGlobal
