
Microsoft Visual Studio Solution File, Format Version 12.00
# Visual Studio Version 16
VisualStudioVersion = 16.0.31205.134
MinimumVisualStudioVersion = 10.0.40219.1
Project("{FAE04EC0-301F-11D3-BF4B-00C04F79EFBC}") = "WpfKontroller", "WpfKontroller\WpfKontroller.csproj", "{1BC407EF-7E7F-4EB3-AE32-5C082F0C663A}"
EndProject
Global
	GlobalSection(SolutionConfigurationPlatforms) = preSolution
		Debug|Any CPU = Debug|Any CPU
		Release|Any CPU = Release|Any CPU
	EndGlobalSection
	GlobalSection(ProjectConfigurationPlatforms) = postSolution
		{1BC407EF-7E7F-4EB3-AE32-5C082F0C663A}.Debug|Any CPU.ActiveCfg = Debug|Any CPU
		{1BC407EF-7E7F-4EB3-AE32-5C082F0C663A}.Debug|Any CPU.Build.0 = Debug|Any CPU
		{1BC407EF-7E7F-4EB3-AE32-5C082F0C663A}.Release|Any CPU.ActiveCfg = Release|Any CPU
		{1BC407EF-7E7F-4EB3-AE32-5C082F0C663A}.Release|Any CPU.Build.0 = Release|Any CPU
	EndGlobalSection
	GlobalSection(SolutionProperties) = preSolution
		HideSolutionNode = FALSE
	EndGlobalSection
	GlobalSection(ExtensibilityGlobals) = postSolution
		SolutionGuid = {555754CC-0631-4F54-8E18-B2D8DD078D5F}
	EndGlobalSection
EndGlobal
