
Microsoft Visual Studio Solution File, Format Version 12.00
# Visual Studio Version 16
VisualStudioVersion = 16.0.31205.134
MinimumVisualStudioVersion = 10.0.40219.1
Project("{FAE04EC0-301F-11D3-BF4B-00C04F79EFBC}") = "WinFormUserControl", "WinFormUserControl\WinFormUserControl.csproj", "{8DEB875E-9D24-4F9D-A554-98B09B6545F4}"
EndProject
Global
	GlobalSection(SolutionConfigurationPlatforms) = preSolution
		Debug|Any CPU = Debug|Any CPU
		Release|Any CPU = Release|Any CPU
	EndGlobalSection
	GlobalSection(ProjectConfigurationPlatforms) = postSolution
		{8DEB875E-9D24-4F9D-A554-98B09B6545F4}.Debug|Any CPU.ActiveCfg = Debug|Any CPU
		{8DEB875E-9D24-4F9D-A554-98B09B6545F4}.Debug|Any CPU.Build.0 = Debug|Any CPU
		{8DEB875E-9D24-4F9D-A554-98B09B6545F4}.Release|Any CPU.ActiveCfg = Release|Any CPU
		{8DEB875E-9D24-4F9D-A554-98B09B6545F4}.Release|Any CPU.Build.0 = Release|Any CPU
	EndGlobalSection
	GlobalSection(SolutionProperties) = preSolution
		HideSolutionNode = FALSE
	EndGlobalSection
	GlobalSection(ExtensibilityGlobals) = postSolution
		SolutionGuid = {A5593B51-3253-4BEF-9AF0-2A2ED2FEDF92}
	EndGlobalSection
EndGlobal
