
Microsoft Visual Studio Solution File, Format Version 12.00
# Visual Studio Version 16
VisualStudioVersion = 16.0.32428.217
MinimumVisualStudioVersion = 10.0.40219.1
Project("{FAE04EC0-301F-11D3-BF4B-00C04F79EFBC}") = "UzaktanEgitimMVC.MvcGiris", "UzaktanEgitimMVC.MvcGiris\UzaktanEgitimMVC.MvcGiris.csproj", "{0B358926-5469-49EE-810A-E18AE1C403DF}"
EndProject
Global
	GlobalSection(SolutionConfigurationPlatforms) = preSolution
		Debug|Any CPU = Debug|Any CPU
		Release|Any CPU = Release|Any CPU
	EndGlobalSection
	GlobalSection(ProjectConfigurationPlatforms) = postSolution
		{0B358926-5469-49EE-810A-E18AE1C403DF}.Debug|Any CPU.ActiveCfg = Debug|Any CPU
		{0B358926-5469-49EE-810A-E18AE1C403DF}.Debug|Any CPU.Build.0 = Debug|Any CPU
		{0B358926-5469-49EE-810A-E18AE1C403DF}.Release|Any CPU.ActiveCfg = Release|Any CPU
		{0B358926-5469-49EE-810A-E18AE1C403DF}.Release|Any CPU.Build.0 = Release|Any CPU
	EndGlobalSection
	GlobalSection(SolutionProperties) = preSolution
		HideSolutionNode = FALSE
	EndGlobalSection
	GlobalSection(ExtensibilityGlobals) = postSolution
		SolutionGuid = {86E70AB6-69B8-4314-AD1A-F0432C3603E1}
	EndGlobalSection
EndGlobal
