
Microsoft Visual Studio Solution File, Format Version 12.00
# Visual Studio Version 16
VisualStudioVersion = 16.0.31205.134
MinimumVisualStudioVersion = 10.0.40219.1
Project("{FAE04EC0-301F-11D3-BF4B-00C04F79EFBC}") = "WpfDataBindingPratic", "WpfDataBindingPratic\WpfDataBindingPratic.csproj", "{17B6DAE6-8C27-4E7F-B0A5-9AC1AED26FEB}"
EndProject
Global
	GlobalSection(SolutionConfigurationPlatforms) = preSolution
		Debug|Any CPU = Debug|Any CPU
		Release|Any CPU = Release|Any CPU
	EndGlobalSection
	GlobalSection(ProjectConfigurationPlatforms) = postSolution
		{17B6DAE6-8C27-4E7F-B0A5-9AC1AED26FEB}.Debug|Any CPU.ActiveCfg = Debug|Any CPU
		{17B6DAE6-8C27-4E7F-B0A5-9AC1AED26FEB}.Debug|Any CPU.Build.0 = Debug|Any CPU
		{17B6DAE6-8C27-4E7F-B0A5-9AC1AED26FEB}.Release|Any CPU.ActiveCfg = Release|Any CPU
		{17B6DAE6-8C27-4E7F-B0A5-9AC1AED26FEB}.Release|Any CPU.Build.0 = Release|Any CPU
	EndGlobalSection
	GlobalSection(SolutionProperties) = preSolution
		HideSolutionNode = FALSE
	EndGlobalSection
	GlobalSection(ExtensibilityGlobals) = postSolution
		SolutionGuid = {A30FC19C-527D-4C82-A396-7C35C565326A}
	EndGlobalSection
EndGlobal
